
Microsoft Visual Studio Solution File, Format Version 12.00
# Visual Studio 15
VisualStudioVersion = 15.0.28010.2016
MinimumVisualStudioVersion = 10.0.40219.1
Project("{FAE04EC0-301F-11D3-BF4B-00C04F79EFBC}") = "task1", "conditional-statements\task1.csproj", "{DEF6967F-BABE-4557-88BC-46AC4DC487BB}"
EndProject
Global
	GlobalSection(SolutionConfigurationPlatforms) = preSolution
		Debug|Any CPU = Debug|Any CPU
		Release|Any CPU = Release|Any CPU
	EndGlobalSection
	GlobalSection(ProjectConfigurationPlatforms) = postSolution
		{DEF6967F-BABE-4557-88BC-46AC4DC487BB}.Debug|Any CPU.ActiveCfg = Debug|Any CPU
		{DEF6967F-BABE-4557-88BC-46AC4DC487BB}.Debug|Any CPU.Build.0 = Debug|Any CPU
		{DEF6967F-BABE-4557-88BC-46AC4DC487BB}.Release|Any CPU.ActiveCfg = Release|Any CPU
		{DEF6967F-BABE-4557-88BC-46AC4DC487BB}.Release|Any CPU.Build.0 = Release|Any CPU
	EndGlobalSection
	GlobalSection(SolutionProperties) = preSolution
		HideSolutionNode = FALSE
	EndGlobalSection
	GlobalSection(ExtensibilityGlobals) = postSolution
		SolutionGuid = {FEDDC4E3-860F-4410-A3F5-CF08BFEF7610}
	EndGlobalSection
EndGlobal
