
Microsoft Visual Studio Solution File, Format Version 12.00
# Visual Studio 15
VisualStudioVersion = 15.0.28010.2016
MinimumVisualStudioVersion = 10.0.40219.1
Project("{9A19103F-16F7-4668-BE54-9A1E7A4F7556}") = "task1", "conditional-statements\task1.csproj", "{DEF6967F-BABE-4557-88BC-46AC4DC487BB}"
EndProject
Project("{FAE04EC0-301F-11D3-BF4B-00C04F79EFBC}") = "task2", "task2\task2.csproj", "{8EB1E460-4B1C-47BD-BCCB-949F47F8F608}"
EndProject
Project("{FAE04EC0-301F-11D3-BF4B-00C04F79EFBC}") = "task3", "task3\task3.csproj", "{E161420E-A15E-4125-A0E8-211295F522BE}"
EndProject
Project("{FAE04EC0-301F-11D3-BF4B-00C04F79EFBC}") = "task5", "task5\task5.csproj", "{FFD338D1-33D2-40FB-B9DE-493F5F53737B}"
EndProject
Project("{FAE04EC0-301F-11D3-BF4B-00C04F79EFBC}") = "task4", "task4\task4.csproj", "{328F7205-1B65-4AAC-93D3-D840CF9A9143}"
EndProject
Global
	GlobalSection(SolutionConfigurationPlatforms) = preSolution
		Debug|Any CPU = Debug|Any CPU
		Release|Any CPU = Release|Any CPU
	EndGlobalSection
	GlobalSection(ProjectConfigurationPlatforms) = postSolution
		{DEF6967F-BABE-4557-88BC-46AC4DC487BB}.Debug|Any CPU.ActiveCfg = Debug|Any CPU
		{DEF6967F-BABE-4557-88BC-46AC4DC487BB}.Debug|Any CPU.Build.0 = Debug|Any CPU
		{DEF6967F-BABE-4557-88BC-46AC4DC487BB}.Release|Any CPU.ActiveCfg = Release|Any CPU
		{DEF6967F-BABE-4557-88BC-46AC4DC487BB}.Release|Any CPU.Build.0 = Release|Any CPU
		{8EB1E460-4B1C-47BD-BCCB-949F47F8F608}.Debug|Any CPU.ActiveCfg = Debug|Any CPU
		{8EB1E460-4B1C-47BD-BCCB-949F47F8F608}.Debug|Any CPU.Build.0 = Debug|Any CPU
		{8EB1E460-4B1C-47BD-BCCB-949F47F8F608}.Release|Any CPU.ActiveCfg = Release|Any CPU
		{8EB1E460-4B1C-47BD-BCCB-949F47F8F608}.Release|Any CPU.Build.0 = Release|Any CPU
		{E161420E-A15E-4125-A0E8-211295F522BE}.Debug|Any CPU.ActiveCfg = Debug|Any CPU
		{E161420E-A15E-4125-A0E8-211295F522BE}.Debug|Any CPU.Build.0 = Debug|Any CPU
		{E161420E-A15E-4125-A0E8-211295F522BE}.Release|Any CPU.ActiveCfg = Release|Any CPU
		{E161420E-A15E-4125-A0E8-211295F522BE}.Release|Any CPU.Build.0 = Release|Any CPU
		{FFD338D1-33D2-40FB-B9DE-493F5F53737B}.Debug|Any CPU.ActiveCfg = Debug|Any CPU
		{FFD338D1-33D2-40FB-B9DE-493F5F53737B}.Debug|Any CPU.Build.0 = Debug|Any CPU
		{FFD338D1-33D2-40FB-B9DE-493F5F53737B}.Release|Any CPU.ActiveCfg = Release|Any CPU
		{FFD338D1-33D2-40FB-B9DE-493F5F53737B}.Release|Any CPU.Build.0 = Release|Any CPU
		{328F7205-1B65-4AAC-93D3-D840CF9A9143}.Debug|Any CPU.ActiveCfg = Debug|Any CPU
		{328F7205-1B65-4AAC-93D3-D840CF9A9143}.Debug|Any CPU.Build.0 = Debug|Any CPU
		{328F7205-1B65-4AAC-93D3-D840CF9A9143}.Release|Any CPU.ActiveCfg = Release|Any CPU
		{328F7205-1B65-4AAC-93D3-D840CF9A9143}.Release|Any CPU.Build.0 = Release|Any CPU
	EndGlobalSection
	GlobalSection(SolutionProperties) = preSolution
		HideSolutionNode = FALSE
	EndGlobalSection
	GlobalSection(ExtensibilityGlobals) = postSolution
		SolutionGuid = {FEDDC4E3-860F-4410-A3F5-CF08BFEF7610}
	EndGlobalSection
EndGlobal
